
Microsoft Visual Studio Solution File, Format Version 12.00
# Visual Studio 15
VisualStudioVersion = 15.0.33801.198
MinimumVisualStudioVersion = 10.0.40219.1
Project("{FAE04EC0-301F-11D3-BF4B-00C04F79EFBC}") = "GeriyeDegerDondurmeyenMetot", "GeriyeDegerDondurmeyenMetot\GeriyeDegerDondurmeyenMetot.csproj", "{A33D8613-442E-4FF1-98DF-CF2E132AFAD7}"
EndProject
Global
	GlobalSection(SolutionConfigurationPlatforms) = preSolution
		Debug|Any CPU = Debug|Any CPU
		Release|Any CPU = Release|Any CPU
	EndGlobalSection
	GlobalSection(ProjectConfigurationPlatforms) = postSolution
		{A33D8613-442E-4FF1-98DF-CF2E132AFAD7}.Debug|Any CPU.ActiveCfg = Debug|Any CPU
		{A33D8613-442E-4FF1-98DF-CF2E132AFAD7}.Debug|Any CPU.Build.0 = Debug|Any CPU
		{A33D8613-442E-4FF1-98DF-CF2E132AFAD7}.Release|Any CPU.ActiveCfg = Release|Any CPU
		{A33D8613-442E-4FF1-98DF-CF2E132AFAD7}.Release|Any CPU.Build.0 = Release|Any CPU
	EndGlobalSection
	GlobalSection(SolutionProperties) = preSolution
		HideSolutionNode = FALSE
	EndGlobalSection
	GlobalSection(ExtensibilityGlobals) = postSolution
		SolutionGuid = {60988076-E9E8-493F-A8E4-E1B6934FAAFF}
	EndGlobalSection
EndGlobal
