
Microsoft Visual Studio Solution File, Format Version 12.00
# Visual Studio 15
VisualStudioVersion = 15.0.33801.198
MinimumVisualStudioVersion = 10.0.40219.1
Project("{FAE04EC0-301F-11D3-BF4B-00C04F79EFBC}") = "DiziMetotlari", "DiziMetotlari\DiziMetotlari.csproj", "{C2416C43-305B-4CBB-BE75-0B143A99850E}"
EndProject
Global
	GlobalSection(SolutionConfigurationPlatforms) = preSolution
		Debug|Any CPU = Debug|Any CPU
		Release|Any CPU = Release|Any CPU
	EndGlobalSection
	GlobalSection(ProjectConfigurationPlatforms) = postSolution
		{C2416C43-305B-4CBB-BE75-0B143A99850E}.Debug|Any CPU.ActiveCfg = Debug|Any CPU
		{C2416C43-305B-4CBB-BE75-0B143A99850E}.Debug|Any CPU.Build.0 = Debug|Any CPU
		{C2416C43-305B-4CBB-BE75-0B143A99850E}.Release|Any CPU.ActiveCfg = Release|Any CPU
		{C2416C43-305B-4CBB-BE75-0B143A99850E}.Release|Any CPU.Build.0 = Release|Any CPU
	EndGlobalSection
	GlobalSection(SolutionProperties) = preSolution
		HideSolutionNode = FALSE
	EndGlobalSection
	GlobalSection(ExtensibilityGlobals) = postSolution
		SolutionGuid = {981C67CA-12FA-45A8-979D-6BA29593B686}
	EndGlobalSection
EndGlobal
