
Microsoft Visual Studio Solution File, Format Version 12.00
# Visual Studio 15
VisualStudioVersion = 15.0.33801.198
MinimumVisualStudioVersion = 10.0.40219.1
Project("{FAE04EC0-301F-11D3-BF4B-00C04F79EFBC}") = "BirdenYirmiyeKadarSayilardanUceBolunenler", "BirdenYirmiyeKadarSayilardanUceBolunenler\BirdenYirmiyeKadarSayilardanUceBolunenler.csproj", "{FFFB42F6-C7C9-4904-A7DC-3FE425550578}"
EndProject
Global
	GlobalSection(SolutionConfigurationPlatforms) = preSolution
		Debug|Any CPU = Debug|Any CPU
		Release|Any CPU = Release|Any CPU
	EndGlobalSection
	GlobalSection(ProjectConfigurationPlatforms) = postSolution
		{FFFB42F6-C7C9-4904-A7DC-3FE425550578}.Debug|Any CPU.ActiveCfg = Debug|Any CPU
		{FFFB42F6-C7C9-4904-A7DC-3FE425550578}.Debug|Any CPU.Build.0 = Debug|Any CPU
		{FFFB42F6-C7C9-4904-A7DC-3FE425550578}.Release|Any CPU.ActiveCfg = Release|Any CPU
		{FFFB42F6-C7C9-4904-A7DC-3FE425550578}.Release|Any CPU.Build.0 = Release|Any CPU
	EndGlobalSection
	GlobalSection(SolutionProperties) = preSolution
		HideSolutionNode = FALSE
	EndGlobalSection
	GlobalSection(ExtensibilityGlobals) = postSolution
		SolutionGuid = {484320B3-F2F0-43EB-BB13-992D1BA12E97}
	EndGlobalSection
EndGlobal
