
Microsoft Visual Studio Solution File, Format Version 12.00
# Visual Studio 15
VisualStudioVersion = 15.0.33801.198
MinimumVisualStudioVersion = 10.0.40219.1
Project("{FAE04EC0-301F-11D3-BF4B-00C04F79EFBC}") = "HelloWorld", "HelloWorld\HelloWorld.csproj", "{40CF246B-C44D-41E3-AE12-ECE160F1217C}"
EndProject
Global
	GlobalSection(SolutionConfigurationPlatforms) = preSolution
		Debug|Any CPU = Debug|Any CPU
		Release|Any CPU = Release|Any CPU
	EndGlobalSection
	GlobalSection(ProjectConfigurationPlatforms) = postSolution
		{40CF246B-C44D-41E3-AE12-ECE160F1217C}.Debug|Any CPU.ActiveCfg = Debug|Any CPU
		{40CF246B-C44D-41E3-AE12-ECE160F1217C}.Debug|Any CPU.Build.0 = Debug|Any CPU
		{40CF246B-C44D-41E3-AE12-ECE160F1217C}.Release|Any CPU.ActiveCfg = Release|Any CPU
		{40CF246B-C44D-41E3-AE12-ECE160F1217C}.Release|Any CPU.Build.0 = Release|Any CPU
	EndGlobalSection
	GlobalSection(SolutionProperties) = preSolution
		HideSolutionNode = FALSE
	EndGlobalSection
	GlobalSection(ExtensibilityGlobals) = postSolution
		SolutionGuid = {51FC8E71-D94D-499F-B15D-82D374656E9B}
	EndGlobalSection
EndGlobal
