
Microsoft Visual Studio Solution File, Format Version 12.00
# Visual Studio 15
VisualStudioVersion = 15.0.33801.198
MinimumVisualStudioVersion = 10.0.40219.1
Project("{FAE04EC0-301F-11D3-BF4B-00C04F79EFBC}") = "Kapsulleme", "Kapsulleme\Kapsulleme.csproj", "{28EF8C2B-C308-4873-9D9E-68AEC62AB7E4}"
EndProject
Global
	GlobalSection(SolutionConfigurationPlatforms) = preSolution
		Debug|Any CPU = Debug|Any CPU
		Release|Any CPU = Release|Any CPU
	EndGlobalSection
	GlobalSection(ProjectConfigurationPlatforms) = postSolution
		{28EF8C2B-C308-4873-9D9E-68AEC62AB7E4}.Debug|Any CPU.ActiveCfg = Debug|Any CPU
		{28EF8C2B-C308-4873-9D9E-68AEC62AB7E4}.Debug|Any CPU.Build.0 = Debug|Any CPU
		{28EF8C2B-C308-4873-9D9E-68AEC62AB7E4}.Release|Any CPU.ActiveCfg = Release|Any CPU
		{28EF8C2B-C308-4873-9D9E-68AEC62AB7E4}.Release|Any CPU.Build.0 = Release|Any CPU
	EndGlobalSection
	GlobalSection(SolutionProperties) = preSolution
		HideSolutionNode = FALSE
	EndGlobalSection
	GlobalSection(ExtensibilityGlobals) = postSolution
		SolutionGuid = {93FE3AA8-6729-4B60-8248-7217AC7C5D4D}
	EndGlobalSection
EndGlobal
