
Microsoft Visual Studio Solution File, Format Version 12.00
# Visual Studio 15
VisualStudioVersion = 15.0.33801.198
MinimumVisualStudioVersion = 10.0.40219.1
Project("{FAE04EC0-301F-11D3-BF4B-00C04F79EFBC}") = "SwitchCaseKullanimi", "SwitchCaseKullanimi\SwitchCaseKullanimi.csproj", "{C4EB5EC4-0FF3-402F-8268-A2DEE8DC89A6}"
EndProject
Global
	GlobalSection(SolutionConfigurationPlatforms) = preSolution
		Debug|Any CPU = Debug|Any CPU
		Release|Any CPU = Release|Any CPU
	EndGlobalSection
	GlobalSection(ProjectConfigurationPlatforms) = postSolution
		{C4EB5EC4-0FF3-402F-8268-A2DEE8DC89A6}.Debug|Any CPU.ActiveCfg = Debug|Any CPU
		{C4EB5EC4-0FF3-402F-8268-A2DEE8DC89A6}.Debug|Any CPU.Build.0 = Debug|Any CPU
		{C4EB5EC4-0FF3-402F-8268-A2DEE8DC89A6}.Release|Any CPU.ActiveCfg = Release|Any CPU
		{C4EB5EC4-0FF3-402F-8268-A2DEE8DC89A6}.Release|Any CPU.Build.0 = Release|Any CPU
	EndGlobalSection
	GlobalSection(SolutionProperties) = preSolution
		HideSolutionNode = FALSE
	EndGlobalSection
	GlobalSection(ExtensibilityGlobals) = postSolution
		SolutionGuid = {51D36803-A5BA-49D8-9A30-D199F2C6AEC0}
	EndGlobalSection
EndGlobal
