
Microsoft Visual Studio Solution File, Format Version 12.00
# Visual Studio 15
VisualStudioVersion = 15.0.33801.198
MinimumVisualStudioVersion = 10.0.40219.1
Project("{FAE04EC0-301F-11D3-BF4B-00C04F79EFBC}") = "Diziler", "Diziler\Diziler.csproj", "{57433841-B939-441C-9294-C6227B1325AD}"
EndProject
Global
	GlobalSection(SolutionConfigurationPlatforms) = preSolution
		Debug|Any CPU = Debug|Any CPU
		Release|Any CPU = Release|Any CPU
	EndGlobalSection
	GlobalSection(ProjectConfigurationPlatforms) = postSolution
		{57433841-B939-441C-9294-C6227B1325AD}.Debug|Any CPU.ActiveCfg = Debug|Any CPU
		{57433841-B939-441C-9294-C6227B1325AD}.Debug|Any CPU.Build.0 = Debug|Any CPU
		{57433841-B939-441C-9294-C6227B1325AD}.Release|Any CPU.ActiveCfg = Release|Any CPU
		{57433841-B939-441C-9294-C6227B1325AD}.Release|Any CPU.Build.0 = Release|Any CPU
	EndGlobalSection
	GlobalSection(SolutionProperties) = preSolution
		HideSolutionNode = FALSE
	EndGlobalSection
	GlobalSection(ExtensibilityGlobals) = postSolution
		SolutionGuid = {9B58D047-28BF-4205-BF0A-5A7C7C9FA049}
	EndGlobalSection
EndGlobal
