
Microsoft Visual Studio Solution File, Format Version 12.00
# Visual Studio 15
VisualStudioVersion = 15.0.33801.198
MinimumVisualStudioVersion = 10.0.40219.1
Project("{FAE04EC0-301F-11D3-BF4B-00C04F79EFBC}") = "WhileDongusuİleFaktoriyelHesabi", "WhileDongusuİleFaktoriyelHesabi\WhileDongusuİleFaktoriyelHesabi.csproj", "{FFDEA90E-BB75-4483-9DDD-04A8BE4D4BBD}"
EndProject
Global
	GlobalSection(SolutionConfigurationPlatforms) = preSolution
		Debug|Any CPU = Debug|Any CPU
		Release|Any CPU = Release|Any CPU
	EndGlobalSection
	GlobalSection(ProjectConfigurationPlatforms) = postSolution
		{FFDEA90E-BB75-4483-9DDD-04A8BE4D4BBD}.Debug|Any CPU.ActiveCfg = Debug|Any CPU
		{FFDEA90E-BB75-4483-9DDD-04A8BE4D4BBD}.Debug|Any CPU.Build.0 = Debug|Any CPU
		{FFDEA90E-BB75-4483-9DDD-04A8BE4D4BBD}.Release|Any CPU.ActiveCfg = Release|Any CPU
		{FFDEA90E-BB75-4483-9DDD-04A8BE4D4BBD}.Release|Any CPU.Build.0 = Release|Any CPU
	EndGlobalSection
	GlobalSection(SolutionProperties) = preSolution
		HideSolutionNode = FALSE
	EndGlobalSection
	GlobalSection(ExtensibilityGlobals) = postSolution
		SolutionGuid = {8F9BDD4F-47CE-4CE5-B430-D68B1383F1BA}
	EndGlobalSection
EndGlobal
