
Microsoft Visual Studio Solution File, Format Version 12.00
# Visual Studio 15
VisualStudioVersion = 15.0.33801.198
MinimumVisualStudioVersion = 10.0.40219.1
Project("{FAE04EC0-301F-11D3-BF4B-00C04F79EFBC}") = "SinifNiteliklerineKlavyedenDegerGirisi", "SinifNiteliklerineKlavyedenDegerGirisi\SinifNiteliklerineKlavyedenDegerGirisi.csproj", "{64577F22-C35E-4FEC-BE6F-7BBA353566CE}"
EndProject
Global
	GlobalSection(SolutionConfigurationPlatforms) = preSolution
		Debug|Any CPU = Debug|Any CPU
		Release|Any CPU = Release|Any CPU
	EndGlobalSection
	GlobalSection(ProjectConfigurationPlatforms) = postSolution
		{64577F22-C35E-4FEC-BE6F-7BBA353566CE}.Debug|Any CPU.ActiveCfg = Debug|Any CPU
		{64577F22-C35E-4FEC-BE6F-7BBA353566CE}.Debug|Any CPU.Build.0 = Debug|Any CPU
		{64577F22-C35E-4FEC-BE6F-7BBA353566CE}.Release|Any CPU.ActiveCfg = Release|Any CPU
		{64577F22-C35E-4FEC-BE6F-7BBA353566CE}.Release|Any CPU.Build.0 = Release|Any CPU
	EndGlobalSection
	GlobalSection(SolutionProperties) = preSolution
		HideSolutionNode = FALSE
	EndGlobalSection
	GlobalSection(ExtensibilityGlobals) = postSolution
		SolutionGuid = {37522EB6-7021-4F1C-9673-0F41043331CC}
	EndGlobalSection
EndGlobal
